// !$*UTF8*$!
{
	archiveVersion = 1;
	classes = {
	};
	objectVersion = 46;
	objects = {

/* Begin PBXBuildFile section */
		0570B9A11C39008900A796F4 /* AppDelegate.swift in Sources */ = {isa = PBXBuildFile; fileRef = 0570B9971C39008900A796F4 /* AppDelegate.swift */; };
		0570B9A21C39008900A796F4 /* Assets.xcassets in Resources */ = {isa = PBXBuildFile; fileRef = 0570B9981C39008900A796F4 /* Assets.xcassets */; };
		0570B9A31C39008900A796F4 /* LaunchScreen.storyboard in Resources */ = {isa = PBXBuildFile; fileRef = 0570B9991C39008900A796F4 /* LaunchScreen.storyboard */; };
		0570B9A41C39008900A796F4 /* Main.storyboard in Resources */ = {isa = PBXBuildFile; fileRef = 0570B99B1C39008900A796F4 /* Main.storyboard */; };
		0570B9A51C39008900A796F4 /* ContactsViewer.swift in Sources */ = {isa = PBXBuildFile; fileRef = 0570B99D1C39008900A796F4 /* ContactsViewer.swift */; };
		0570B9B11C390E7900A796F4 /* KPKContact.swift in Sources */ = {isa = PBXBuildFile; fileRef = 0570B9AF1C390E7900A796F4 /* KPKContact.swift */; };
		0570B9B21C390E7900A796F4 /* KPKContactStore.swift in Sources */ = {isa = PBXBuildFile; fileRef = 0570B9B01C390E7900A796F4 /* KPKContactStore.swift */; };
/* End PBXBuildFile section */

/* Begin PBXFileReference section */
		0570B97C1C38C0D500A796F4 /* KPKContacts.app */ = {isa = PBXFileReference; explicitFileType = wrapper.application; includeInIndex = 0; path = KPKContacts.app; sourceTree = BUILT_PRODUCTS_DIR; };
		0570B9971C39008900A796F4 /* AppDelegate.swift */ = {isa = PBXFileReference; fileEncoding = 4; lastKnownFileType = sourcecode.swift; path = AppDelegate.swift; sourceTree = "<group>"; };
		0570B9981C39008900A796F4 /* Assets.xcassets */ = {isa = PBXFileReference; lastKnownFileType = folder.assetcatalog; path = Assets.xcassets; sourceTree = "<group>"; };
		0570B99A1C39008900A796F4 /* Base */ = {isa = PBXFileReference; lastKnownFileType = file.storyboard; name = Base; path = Base.lproj/LaunchScreen.storyboard; sourceTree = "<group>"; };
		0570B99C1C39008900A796F4 /* Base */ = {isa = PBXFileReference; lastKnownFileType = file.storyboard; name = Base; path = Base.lproj/Main.storyboard; sourceTree = "<group>"; };
		0570B99D1C39008900A796F4 /* ContactsViewer.swift */ = {isa = PBXFileReference; fileEncoding = 4; lastKnownFileType = sourcecode.swift; path = ContactsViewer.swift; sourceTree = "<group>"; };
		0570B9AB1C39044400A796F4 /* Info.plist */ = {isa = PBXFileReference; fileEncoding = 4; lastKnownFileType = text.plist.xml; path = Info.plist; sourceTree = "<group>"; };
		0570B9AF1C390E7900A796F4 /* KPKContact.swift */ = {isa = PBXFileReference; fileEncoding = 4; lastKnownFileType = sourcecode.swift; path = KPKContact.swift; sourceTree = "<group>"; };
		0570B9B01C390E7900A796F4 /* KPKContactStore.swift */ = {isa = PBXFileReference; fileEncoding = 4; lastKnownFileType = sourcecode.swift; path = KPKContactStore.swift; sourceTree = "<group>"; };
/* End PBXFileReference section */

/* Begin PBXFrameworksBuildPhase section */
		0570B9791C38C0D500A796F4 /* Frameworks */ = {
			isa = PBXFrameworksBuildPhase;
			buildActionMask = 2147483647;
			files = (
			);
			runOnlyForDeploymentPostprocessing = 0;
		};
/* End PBXFrameworksBuildPhase section */

/* Begin PBXGroup section */
		0570B9731C38C0D500A796F4 = {
			isa = PBXGroup;
			children = (
				0570B9961C39008900A796F4 /* KPKContacts */,
				0570B97D1C38C0D500A796F4 /* Products */,
			);
			sourceTree = "<group>";
		};
		0570B97D1C38C0D500A796F4 /* Products */ = {
			isa = PBXGroup;
			children = (
				0570B97C1C38C0D500A796F4 /* KPKContacts.app */,
			);
			name = Products;
			sourceTree = "<group>";
		};
		0570B9961C39008900A796F4 /* KPKContacts */ = {
			isa = PBXGroup;
			children = (
				0570B9AE1C390E7900A796F4 /* KPKContacts */,
				0570B99B1C39008900A796F4 /* Main.storyboard */,
				0570B9971C39008900A796F4 /* AppDelegate.swift */,
				0570B99D1C39008900A796F4 /* ContactsViewer.swift */,
				0570B9981C39008900A796F4 /* Assets.xcassets */,
				0570B9991C39008900A796F4 /* LaunchScreen.storyboard */,
				0570B9AB1C39044400A796F4 /* Info.plist */,
			);
			path = KPKContacts;
			sourceTree = "<group>";
		};
		0570B9AE1C390E7900A796F4 /* KPKContacts */ = {
			isa = PBXGroup;
			children = (
				0570B9AF1C390E7900A796F4 /* KPKContact.swift */,
				0570B9B01C390E7900A796F4 /* KPKContactStore.swift */,
			);
			path = KPKContacts;
			sourceTree = "<group>";
		};
/* End PBXGroup section */

/* Begin PBXNativeTarget section */
		0570B97B1C38C0D500A796F4 /* KPKContacts */ = {
			isa = PBXNativeTarget;
			buildConfigurationList = 0570B98E1C38C0D500A796F4 /* Build configuration list for PBXNativeTarget "KPKContacts" */;
			buildPhases = (
				0570B9781C38C0D500A796F4 /* Sources */,
				0570B9791C38C0D500A796F4 /* Frameworks */,
				0570B97A1C38C0D500A796F4 /* Resources */,
			);
			buildRules = (
			);
			dependencies = (
			);
			name = KPKContacts;
			productName = CNContacts;
			productReference = 0570B97C1C38C0D500A796F4 /* KPKContacts.app */;
			productType = "com.apple.product-type.application";
		};
/* End PBXNativeTarget section */

/* Begin PBXProject section */
		0570B9741C38C0D500A796F4 /* Project object */ = {
			isa = PBXProject;
			attributes = {
				LastSwiftUpdateCheck = 0720;
				LastUpgradeCheck = 0720;
				ORGANIZATIONNAME = "Pavan Kataria";
				TargetAttributes = {
					0570B97B1C38C0D500A796F4 = {
						CreatedOnToolsVersion = 7.2;
					};
				};
			};
			buildConfigurationList = 0570B9771C38C0D500A796F4 /* Build configuration list for PBXProject "KPKContacts" */;
			compatibilityVersion = "Xcode 3.2";
			developmentRegion = English;
			hasScannedForEncodings = 0;
			knownRegions = (
				en,
				Base,
			);
			mainGroup = 0570B9731C38C0D500A796F4;
			productRefGroup = 0570B97D1C38C0D500A796F4 /* Products */;
			projectDirPath = "";
			projectRoot = "";
			targets = (
				0570B97B1C38C0D500A796F4 /* KPKContacts */,
			);
		};
/* End PBXProject section */

/* Begin PBXResourcesBuildPhase section */
		0570B97A1C38C0D500A796F4 /* Resources */ = {
			isa = PBXResourcesBuildPhase;
			buildActionMask = 2147483647;
			files = (
				0570B9A21C39008900A796F4 /* Assets.xcassets in Resources */,
				0570B9A41C39008900A796F4 /* Main.storyboard in Resources */,
				0570B9A31C39008900A796F4 /* LaunchScreen.storyboard in Resources */,
			);
			runOnlyForDeploymentPostprocessing = 0;
		};
/* End PBXResourcesBuildPhase section */

/* Begin PBXSourcesBuildPhase section */
		0570B9781C38C0D500A796F4 /* Sources */ = {
			isa = PBXSourcesBuildPhase;
			buildActionMask = 2147483647;
			files = (
				0570B9A11C39008900A796F4 /* AppDelegate.swift in Sources */,
				0570B9A51C39008900A796F4 /* ContactsViewer.swift in Sources */,
				0570B9B11C390E7900A796F4 /* KPKContact.swift in Sources */,
				0570B9B21C390E7900A796F4 /* KPKContactStore.swift in Sources */,
			);
			runOnlyForDeploymentPostprocessing = 0;
		};
/* End PBXSourcesBuildPhase section */

/* Begin PBXVariantGroup section */
		0570B9991C39008900A796F4 /* LaunchScreen.storyboard */ = {
			isa = PBXVariantGroup;
			children = (
				0570B99A1C39008900A796F4 /* Base */,
			);
			name = LaunchScreen.storyboard;
			sourceTree = "<group>";
		};
		0570B99B1C39008900A796F4 /* Main.storyboard */ = {
			isa = PBXVariantGroup;
			children = (
				0570B99C1C39008900A796F4 /* Base */,
			);
			name = Main.storyboard;
			sourceTree = "<group>";
		};
/* End PBXVariantGroup section */

/* Begin XCBuildConfiguration section */
		0570B98C1C38C0D500A796F4 /* Debug */ = {
			isa = XCBuildConfiguration;
			buildSettings = {
				ALWAYS_SEARCH_USER_PATHS = NO;
				CLANG_CXX_LANGUAGE_STANDARD = "gnu++0x";
				CLANG_CXX_LIBRARY = "libc++";
				CLANG_ENABLE_MODULES = YES;
				CLANG_ENABLE_OBJC_ARC = YES;
				CLANG_WARN_BOOL_CONVERSION = YES;
				CLANG_WARN_CONSTANT_CONVERSION = YES;
				CLANG_WARN_DIRECT_OBJC_ISA_USAGE = YES_ERROR;
				CLANG_WARN_EMPTY_BODY = YES;
				CLANG_WARN_ENUM_CONVERSION = YES;
				CLANG_WARN_INT_CONVERSION = YES;
				CLANG_WARN_OBJC_ROOT_CLASS = YES_ERROR;
				CLANG_WARN_UNREACHABLE_CODE = YES;
				CLANG_WARN__DUPLICATE_METHOD_MATCH = YES;
				"CODE_SIGN_IDENTITY[sdk=iphoneos*]" = "iPhone Developer";
				COPY_PHASE_STRIP = NO;
				DEBUG_INFORMATION_FORMAT = dwarf;
				ENABLE_STRICT_OBJC_MSGSEND = YES;
				ENABLE_TESTABILITY = YES;
				GCC_C_LANGUAGE_STANDARD = gnu99;
				GCC_DYNAMIC_NO_PIC = NO;
				GCC_NO_COMMON_BLOCKS = YES;
				GCC_OPTIMIZATION_LEVEL = 0;
				GCC_PREPROCESSOR_DEFINITIONS = (
					"DEBUG=1",
					"$(inherited)",
				);
				GCC_WARN_64_TO_32_BIT_CONVERSION = YES;
				GCC_WARN_ABOUT_RETURN_TYPE = YES_ERROR;
				GCC_WARN_UNDECLARED_SELECTOR = YES;
				GCC_WARN_UNINITIALIZED_AUTOS = YES_AGGRESSIVE;
				GCC_WARN_UNUSED_FUNCTION = YES;
				GCC_WARN_UNUSED_VARIABLE = YES;
				INFOPLIST_FILE = KPKContacts/Info.plist;
				IPHONEOS_DEPLOYMENT_TARGET = 9.2;
				MTL_ENABLE_DEBUG_INFO = YES;
				ONLY_ACTIVE_ARCH = YES;
				SDKROOT = iphoneos;
				SWIFT_OPTIMIZATION_LEVEL = "-Onone";
				TARGETED_DEVICE_FAMILY = "1,2";
			};
			name = Debug;
		};
		0570B98D1C38C0D500A796F4 /* Release */ = {
			isa = XCBuildConfiguration;
			buildSettings = {
				ALWAYS_SEARCH_USER_PATHS = NO;
				CLANG_CXX_LANGUAGE_STANDARD = "gnu++0x";
				CLANG_CXX_LIBRARY = "libc++";
				CLANG_ENABLE_MODULES = YES;
				CLANG_ENABLE_OBJC_ARC = YES;
				CLANG_WARN_BOOL_CONVERSION = YES;
				CLANG_WARN_CONSTANT_CONVERSION = YES;
				CLANG_WARN_DIRECT_OBJC_ISA_USAGE = YES_ERROR;
				CLANG_WARN_EMPTY_BODY = YES;
				CLANG_WARN_ENUM_CONVERSION = YES;
				CLANG_WARN_INT_CONVERSION = YES;
				CLANG_WARN_OBJC_ROOT_CLASS = YES_ERROR;
				CLANG_WARN_UNREACHABLE_CODE = YES;
				CLANG_WARN__DUPLICATE_METHOD_MATCH = YES;
				"CODE_SIGN_IDENTITY[sdk=iphoneos*]" = "iPhone Developer";
				COPY_PHASE_STRIP = NO;
				DEBUG_INFORMATION_FORMAT = "dwarf-with-dsym";
				ENABLE_NS_ASSERTIONS = NO;
				ENABLE_STRICT_OBJC_MSGSEND = YES;
				GCC_C_LANGUAGE_STANDARD = gnu99;
				GCC_NO_COMMON_BLOCKS = YES;
				GCC_WARN_64_TO_32_BIT_CONVERSION = YES;
				GCC_WARN_ABOUT_RETURN_TYPE = YES_ERROR;
				GCC_WARN_UNDECLARED_SELECTOR = YES;
				GCC_WARN_UNINITIALIZED_AUTOS = YES_AGGRESSIVE;
				GCC_WARN_UNUSED_FUNCTION = YES;
				GCC_WARN_UNUSED_VARIABLE = YES;
				INFOPLIST_FILE = KPKContacts/Info.plist;
				IPHONEOS_DEPLOYMENT_TARGET = 9.2;
				MTL_ENABLE_DEBUG_INFO = NO;
				SDKROOT = iphoneos;
				TARGETED_DEVICE_FAMILY = "1,2";
				VALIDATE_PRODUCT = YES;
			};
			name = Release;
		};
		0570B98F1C38C0D500A796F4 /* Debug */ = {
			isa = XCBuildConfiguration;
			buildSettings = {
				ASSETCATALOG_COMPILER_APPICON_NAME = AppIcon;
				INFOPLIST_FILE = KPKContacts/Info.plist;
				IPHONEOS_DEPLOYMENT_TARGET = 9.0;
				LD_RUNPATH_SEARCH_PATHS = "$(inherited) @executable_path/Frameworks";
				PRODUCT_BUNDLE_IDENTIFIER = com.pavankataria.CNContacts;
				PRODUCT_NAME = KPKContacts;
			};
			name = Debug;
		};
		0570B9901C38C0D500A796F4 /* Release */ = {
			isa = XCBuildConfiguration;
			buildSettings = {
				ASSETCATALOG_COMPILER_APPICON_NAME = AppIcon;
				INFOPLIST_FILE = KPKContacts/Info.plist;
				IPHONEOS_DEPLOYMENT_TARGET = 9.0;
				LD_RUNPATH_SEARCH_PATHS = "$(inherited) @executable_path/Frameworks";
				PRODUCT_BUNDLE_IDENTIFIER = com.pavankataria.CNContacts;
				PRODUCT_NAME = KPKContacts;
			};
			name = Release;
		};
/* End XCBuildConfiguration section */

/* Begin XCConfigurationList section */
		0570B9771C38C0D500A796F4 /* Build configuration list for PBXProject "KPKContacts" */ = {
			isa = XCConfigurationList;
			buildConfigurations = (
				0570B98C1C38C0D500A796F4 /* Debug */,
				0570B98D1C38C0D500A796F4 /* Release */,
			);
			defaultConfigurationIsVisible = 0;
			defaultConfigurationName = Release;
		};
		0570B98E1C38C0D500A796F4 /* Build configuration list for PBXNativeTarget "KPKContacts" */ = {
			isa = XCConfigurationList;
			buildConfigurations = (
				0570B98F1C38C0D500A796F4 /* Debug */,
				0570B9901C38C0D500A796F4 /* Release */,
			);
			defaultConfigurationIsVisible = 0;
			defaultConfigurationName = Release;
		};
/* End XCConfigurationList section */
	};
	rootObject = 0570B9741C38C0D500A796F4 /* Project object */;
}
